Microsoft Visual Studio Solution File, Format Version 12.00
# Visual Studio Version 17
VisualStudioVersion = 17.5.2.0
MinimumVisualStudioVersion = 10.0.40219.1
Project("{FAE04EC0-301F-11D3-BF4B-00C04F79EFBC}") = "CleanerApp", "CleanerApp\CleanerApp.csproj", "{8902C3C8-FF57-C112-7CB0-92ED8CE39B2F}"
EndProject
Global
	GlobalSection(SolutionConfigurationPlatforms) = preSolution
		Debug|Any CPU = Debug|Any CPU
		Release|Any CPU = Release|Any CPU
	EndGlobalSection
	GlobalSection(ProjectConfigurationPlatforms) = postSolution
		{8902C3C8-FF57-C112-7CB0-92ED8CE39B2F}.Debug|Any CPU.ActiveCfg = Debug|Any CPU
		{8902C3C8-FF57-C112-7CB0-92ED8CE39B2F}.Debug|Any CPU.Build.0 = Debug|Any CPU
		{8902C3C8-FF57-C112-7CB0-92ED8CE39B2F}.Release|Any CPU.ActiveCfg = Release|Any CPU
		{8902C3C8-FF57-C112-7CB0-92ED8CE39B2F}.Release|Any CPU.Build.0 = Release|Any CPU
	EndGlobalSection
	GlobalSection(SolutionProperties) = preSolution
		HideSolutionNode = FALSE
	EndGlobalSection
	GlobalSection(ExtensibilityGlobals) = postSolution
		SolutionGuid = {B6CFBD30-A14E-4308-9272-15F52C992EA0}
	EndGlobalSection
EndGlobal
